
Microsoft Visual Studio Solution File, Format Version 12.00
# Visual Studio 14
VisualStudioVersion = 14.0.25420.1
MinimumVisualStudioVersion = 10.0.40219.1
Project("{FAE04EC0-301F-11D3-BF4B-00C04F79EFBC}") = "AutomatedTellerMachine", "AutomatedTellerMachine\AutomatedTellerMachine.csproj", "{EC97F98F-7BE5-427D-B74A-9D75F3D32761}"
EndProject
Project("{FAE04EC0-301F-11D3-BF4B-00C04F79EFBC}") = "AutomatedTellerMachine.Tests", "AutomatedTellerMachine.Tests\AutomatedTellerMachine.Tests.csproj", "{83225E1C-6C35-4BA7-AB21-F4356C22A79D}"
EndProject
Global
	GlobalSection(SolutionConfigurationPlatforms) = preSolution
		Debug|Any CPU = Debug|Any CPU
		Release|Any CPU = Release|Any CPU
	EndGlobalSection
	GlobalSection(ProjectConfigurationPlatforms) = postSolution
		{EC97F98F-7BE5-427D-B74A-9D75F3D32761}.Debug|Any CPU.ActiveCfg = Debug|Any CPU
		{EC97F98F-7BE5-427D-B74A-9D75F3D32761}.Debug|Any CPU.Build.0 = Debug|Any CPU
		{EC97F98F-7BE5-427D-B74A-9D75F3D32761}.Release|Any CPU.ActiveCfg = Release|Any CPU
		{EC97F98F-7BE5-427D-B74A-9D75F3D32761}.Release|Any CPU.Build.0 = Release|Any CPU
		{83225E1C-6C35-4BA7-AB21-F4356C22A79D}.Debug|Any CPU.ActiveCfg = Debug|Any CPU
		{83225E1C-6C35-4BA7-AB21-F4356C22A79D}.Debug|Any CPU.Build.0 = Debug|Any CPU
		{83225E1C-6C35-4BA7-AB21-F4356C22A79D}.Release|Any CPU.ActiveCfg = Release|Any CPU
		{83225E1C-6C35-4BA7-AB21-F4356C22A79D}.Release|Any CPU.Build.0 = Release|Any CPU
	EndGlobalSection
	GlobalSection(SolutionProperties) = preSolution
		HideSolutionNode = FALSE
	EndGlobalSection
EndGlobal
